
Microsoft Visual Studio Solution File, Format Version 12.00
# Visual Studio Version 17
VisualStudioVersion = 17.9.34622.214
MinimumVisualStudioVersion = 10.0.40219.1
Project("{FAE04EC0-301F-11D3-BF4B-00C04F79EFBC}") = "ProjetOOP_Hivers_2024", "ProjetOOP_Hivers_2024.csproj", "{A171D492-31D4-4132-AFA5-C9928422F929}"
EndProject
Global
	GlobalSection(SolutionConfigurationPlatforms) = preSolution
		Debug|Any CPU = Debug|Any CPU
		Release|Any CPU = Release|Any CPU
	EndGlobalSection
	GlobalSection(ProjectConfigurationPlatforms) = postSolution
		{A171D492-31D4-4132-AFA5-C9928422F929}.Debug|Any CPU.ActiveCfg = Debug|Any CPU
		{A171D492-31D4-4132-AFA5-C9928422F929}.Debug|Any CPU.Build.0 = Debug|Any CPU
		{A171D492-31D4-4132-AFA5-C9928422F929}.Release|Any CPU.ActiveCfg = Release|Any CPU
		{A171D492-31D4-4132-AFA5-C9928422F929}.Release|Any CPU.Build.0 = Release|Any CPU
	EndGlobalSection
	GlobalSection(SolutionProperties) = preSolution
		HideSolutionNode = FALSE
	EndGlobalSection
	GlobalSection(ExtensibilityGlobals) = postSolution
		SolutionGuid = {0E27E610-39D3-4AD0-BE1E-5F53C0034FDE}
	EndGlobalSection
EndGlobal
